
Microsoft Visual Studio Solution File, Format Version 12.00
# Visual Studio 15
VisualStudioVersion = 15.0.27703.2047
MinimumVisualStudioVersion = 10.0.40219.1
Project("{FAE04EC0-301F-11D3-BF4B-00C04F79EFBC}") = "MethodsChallenge", "MethodsChallenge\MethodsChallenge.csproj", "{88184EFF-7EEE-47CD-A182-61883AB01126}"
EndProject
Global
	GlobalSection(SolutionConfigurationPlatforms) = preSolution
		Debug|Any CPU = Debug|Any CPU
		Release|Any CPU = Release|Any CPU
	EndGlobalSection
	GlobalSection(ProjectConfigurationPlatforms) = postSolution
		{88184EFF-7EEE-47CD-A182-61883AB01126}.Debug|Any CPU.ActiveCfg = Debug|Any CPU
		{88184EFF-7EEE-47CD-A182-61883AB01126}.Debug|Any CPU.Build.0 = Debug|Any CPU
		{88184EFF-7EEE-47CD-A182-61883AB01126}.Release|Any CPU.ActiveCfg = Release|Any CPU
		{88184EFF-7EEE-47CD-A182-61883AB01126}.Release|Any CPU.Build.0 = Release|Any CPU
	EndGlobalSection
	GlobalSection(SolutionProperties) = preSolution
		HideSolutionNode = FALSE
	EndGlobalSection
	GlobalSection(ExtensibilityGlobals) = postSolution
		SolutionGuid = {E19844F9-424C-4772-9405-77C2CE191C1B}
	EndGlobalSection
EndGlobal
